
Microsoft Visual Studio Solution File, Format Version 12.00
# Visual Studio Version 16
VisualStudioVersion = 16.0.31410.357
MinimumVisualStudioVersion = 10.0.40219.1
Project("{9A19103F-16F7-4668-BE54-9A1E7A4F7556}") = "Plansysteem_BackEnd_Logic", "Plansysteem_BackEnd_Logic\Plansysteem_BackEnd_Logic.csproj", "{A6E7B1D4-5A24-4FEA-98C8-A10E474AABE4}"
EndProject
Project("{9A19103F-16F7-4668-BE54-9A1E7A4F7556}") = "Plansysteem_BackEnd_DAL", "Plansysteem_BackEnd_DAL\Plansysteem_BackEnd_DAL.csproj", "{0EC2E00F-D951-40E8-AACB-C7D6D6B351B2}"
EndProject
Project("{9A19103F-16F7-4668-BE54-9A1E7A4F7556}") = "Plansysteem_BackEnd_Api", "Plansysteem_BackEnd_Api\Plansysteem_BackEnd_Api.csproj", "{AC744EDD-E92E-4DC2-B249-C2FC50872FF4}"
EndProject
Project("{9A19103F-16F7-4668-BE54-9A1E7A4F7556}") = "Plansysteem_BackEnd_DalInterfaces", "Plansysteem_BackEnd_DalInterfaces\Plansysteem_BackEnd_DalInterfaces.csproj", "{C31C642F-B7B5-46E9-88E5-FFB6915D66A5}"
EndProject
Project("{9A19103F-16F7-4668-BE54-9A1E7A4F7556}") = "Plansysteem_BackEnd_LogicInterfaces", "Plansysteem_BackEnd_LogicInterfaces\Plansysteem_BackEnd_LogicInterfaces.csproj", "{4346F25D-5FE0-4B29-BBCF-BC4CDF6FCF94}"
EndProject
Project("{9A19103F-16F7-4668-BE54-9A1E7A4F7556}") = "Plansysteem_BackEnd_Tests", "Plansysteem_BackEnd_Tests\Plansysteem_BackEnd_Tests.csproj", "{A8E75DFE-6C20-4710-B9C6-6DE32A5ABF63}"
EndProject
Global
	GlobalSection(SolutionConfigurationPlatforms) = preSolution
		Debug|Any CPU = Debug|Any CPU
		Release|Any CPU = Release|Any CPU
	EndGlobalSection
	GlobalSection(ProjectConfigurationPlatforms) = postSolution
		{A6E7B1D4-5A24-4FEA-98C8-A10E474AABE4}.Debug|Any CPU.ActiveCfg = Debug|Any CPU
		{A6E7B1D4-5A24-4FEA-98C8-A10E474AABE4}.Debug|Any CPU.Build.0 = Debug|Any CPU
		{A6E7B1D4-5A24-4FEA-98C8-A10E474AABE4}.Release|Any CPU.ActiveCfg = Release|Any CPU
		{A6E7B1D4-5A24-4FEA-98C8-A10E474AABE4}.Release|Any CPU.Build.0 = Release|Any CPU
		{0EC2E00F-D951-40E8-AACB-C7D6D6B351B2}.Debug|Any CPU.ActiveCfg = Debug|Any CPU
		{0EC2E00F-D951-40E8-AACB-C7D6D6B351B2}.Debug|Any CPU.Build.0 = Debug|Any CPU
		{0EC2E00F-D951-40E8-AACB-C7D6D6B351B2}.Release|Any CPU.ActiveCfg = Release|Any CPU
		{0EC2E00F-D951-40E8-AACB-C7D6D6B351B2}.Release|Any CPU.Build.0 = Release|Any CPU
		{AC744EDD-E92E-4DC2-B249-C2FC50872FF4}.Debug|Any CPU.ActiveCfg = Debug|Any CPU
		{AC744EDD-E92E-4DC2-B249-C2FC50872FF4}.Debug|Any CPU.Build.0 = Debug|Any CPU
		{AC744EDD-E92E-4DC2-B249-C2FC50872FF4}.Release|Any CPU.ActiveCfg = Release|Any CPU
		{AC744EDD-E92E-4DC2-B249-C2FC50872FF4}.Release|Any CPU.Build.0 = Release|Any CPU
		{C31C642F-B7B5-46E9-88E5-FFB6915D66A5}.Debug|Any CPU.ActiveCfg = Debug|Any CPU
		{C31C642F-B7B5-46E9-88E5-FFB6915D66A5}.Debug|Any CPU.Build.0 = Debug|Any CPU
		{C31C642F-B7B5-46E9-88E5-FFB6915D66A5}.Release|Any CPU.ActiveCfg = Release|Any CPU
		{C31C642F-B7B5-46E9-88E5-FFB6915D66A5}.Release|Any CPU.Build.0 = Release|Any CPU
		{4346F25D-5FE0-4B29-BBCF-BC4CDF6FCF94}.Debug|Any CPU.ActiveCfg = Debug|Any CPU
		{4346F25D-5FE0-4B29-BBCF-BC4CDF6FCF94}.Debug|Any CPU.Build.0 = Debug|Any CPU
		{4346F25D-5FE0-4B29-BBCF-BC4CDF6FCF94}.Release|Any CPU.ActiveCfg = Release|Any CPU
		{4346F25D-5FE0-4B29-BBCF-BC4CDF6FCF94}.Release|Any CPU.Build.0 = Release|Any CPU
		{A8E75DFE-6C20-4710-B9C6-6DE32A5ABF63}.Debug|Any CPU.ActiveCfg = Debug|Any CPU
		{A8E75DFE-6C20-4710-B9C6-6DE32A5ABF63}.Debug|Any CPU.Build.0 = Debug|Any CPU
		{A8E75DFE-6C20-4710-B9C6-6DE32A5ABF63}.Release|Any CPU.ActiveCfg = Release|Any CPU
		{A8E75DFE-6C20-4710-B9C6-6DE32A5ABF63}.Release|Any CPU.Build.0 = Release|Any CPU
	EndGlobalSection
	GlobalSection(SolutionProperties) = preSolution
		HideSolutionNode = FALSE
	EndGlobalSection
	GlobalSection(ExtensibilityGlobals) = postSolution
		SolutionGuid = {F77B9419-9601-4531-8409-B0B8E5590843}
	EndGlobalSection
EndGlobal
